// !$*UTF8*$!
{
	archiveVersion = 1;
	classes = {
	};
	objectVersion = 46;
	objects = {

/* Begin PBXBuildFile section */
		OBJ_104 /* ORLocalizedString.swift in Sources */ = {isa = PBXBuildFile; fileRef = OBJ_9 /* ORLocalizedString.swift */; };
		OBJ_105 /* APIV3.swift in Sources */ = {isa = PBXBuildFile; fileRef = OBJ_11 /* APIV3.swift */; };
		OBJ_106 /* Response.swift in Sources */ = {isa = PBXBuildFile; fileRef = OBJ_12 /* Response.swift */; };
		OBJ_107 /* Session.swift in Sources */ = {isa = PBXBuildFile; fileRef = OBJ_13 /* Session.swift */; };
		OBJ_108 /* Authentication.swift in Sources */ = {isa = PBXBuildFile; fileRef = OBJ_38 /* Authentication.swift */; };
		OBJ_109 /* ContentDisposition.swift in Sources */ = {isa = PBXBuildFile; fileRef = OBJ_39 /* ContentDisposition.swift */; };
		OBJ_110 /* ContentType.swift in Sources */ = {isa = PBXBuildFile; fileRef = OBJ_40 /* ContentType.swift */; };
		OBJ_111 /* HTTPMethod.swift in Sources */ = {isa = PBXBuildFile; fileRef = OBJ_41 /* HTTPMethod.swift */; };
		OBJ_112 /* Validator.swift in Sources */ = {isa = PBXBuildFile; fileRef = OBJ_42 /* Validator.swift */; };
		OBJ_113 /* SGError+Mail.swift in Sources */ = {isa = PBXBuildFile; fileRef = OBJ_44 /* SGError+Mail.swift */; };
		OBJ_114 /* SGError+Request.swift in Sources */ = {isa = PBXBuildFile; fileRef = OBJ_45 /* SGError+Request.swift */; };
		OBJ_115 /* SGError+Session.swift in Sources */ = {isa = PBXBuildFile; fileRef = OBJ_46 /* SGError+Session.swift */; };
		OBJ_116 /* SGError.swift in Sources */ = {isa = PBXBuildFile; fileRef = OBJ_47 /* SGError.swift */; };
		OBJ_117 /* DictionaryConvertible.swift in Sources */ = {isa = PBXBuildFile; fileRef = OBJ_49 /* DictionaryConvertible.swift */; };
		OBJ_118 /* HeaderValidator.swift in Sources */ = {isa = PBXBuildFile; fileRef = OBJ_50 /* HeaderValidator.swift */; };
		OBJ_119 /* HTTPMessage.swift in Sources */ = {isa = PBXBuildFile; fileRef = OBJ_51 /* HTTPMessage.swift */; };
		OBJ_120 /* JSONConvertible.swift in Sources */ = {isa = PBXBuildFile; fileRef = OBJ_52 /* JSONConvertible.swift */; };
		OBJ_121 /* MailSetting.swift in Sources */ = {isa = PBXBuildFile; fileRef = OBJ_53 /* MailSetting.swift */; };
		OBJ_122 /* Request.swift in Sources */ = {isa = PBXBuildFile; fileRef = OBJ_54 /* Request.swift */; };
		OBJ_123 /* Scheduling.swift in Sources */ = {isa = PBXBuildFile; fileRef = OBJ_55 /* Scheduling.swift */; };
		OBJ_124 /* TrackingSetting.swift in Sources */ = {isa = PBXBuildFile; fileRef = OBJ_56 /* TrackingSetting.swift */; };
		OBJ_125 /* Validatable.swift in Sources */ = {isa = PBXBuildFile; fileRef = OBJ_57 /* Validatable.swift */; };
		OBJ_126 /* Constants.swift in Sources */ = {isa = PBXBuildFile; fileRef = OBJ_59 /* Constants.swift */; };
		OBJ_127 /* ParameterEncoding.swift in Sources */ = {isa = PBXBuildFile; fileRef = OBJ_60 /* ParameterEncoding.swift */; };
		OBJ_128 /* Attachment.swift in Sources */ = {isa = PBXBuildFile; fileRef = OBJ_15 /* Attachment.swift */; };
		OBJ_129 /* Email.swift in Sources */ = {isa = PBXBuildFile; fileRef = OBJ_16 /* Email.swift */; };
		OBJ_130 /* Personalization.swift in Sources */ = {isa = PBXBuildFile; fileRef = OBJ_17 /* Personalization.swift */; };
		OBJ_131 /* Address.swift in Sources */ = {isa = PBXBuildFile; fileRef = OBJ_32 /* Address.swift */; };
		OBJ_132 /* APIBlueprint.swift in Sources */ = {isa = PBXBuildFile; fileRef = OBJ_33 /* APIBlueprint.swift */; };
		OBJ_133 /* ASM.swift in Sources */ = {isa = PBXBuildFile; fileRef = OBJ_34 /* ASM.swift */; };
		OBJ_134 /* Content.swift in Sources */ = {isa = PBXBuildFile; fileRef = OBJ_35 /* Content.swift */; };
		OBJ_135 /* RateLimit.swift in Sources */ = {isa = PBXBuildFile; fileRef = OBJ_36 /* RateLimit.swift */; };
		OBJ_136 /* Setting.swift in Sources */ = {isa = PBXBuildFile; fileRef = OBJ_19 /* Setting.swift */; };
		OBJ_137 /* BCCSetting.swift in Sources */ = {isa = PBXBuildFile; fileRef = OBJ_21 /* BCCSetting.swift */; };
		OBJ_138 /* BypassListManagement.swift in Sources */ = {isa = PBXBuildFile; fileRef = OBJ_22 /* BypassListManagement.swift */; };
		OBJ_139 /* Footer.swift in Sources */ = {isa = PBXBuildFile; fileRef = OBJ_23 /* Footer.swift */; };
		OBJ_140 /* SandboxMode.swift in Sources */ = {isa = PBXBuildFile; fileRef = OBJ_24 /* SandboxMode.swift */; };
		OBJ_141 /* SpamChecker.swift in Sources */ = {isa = PBXBuildFile; fileRef = OBJ_25 /* SpamChecker.swift */; };
		OBJ_142 /* ClickTracking.swift in Sources */ = {isa = PBXBuildFile; fileRef = OBJ_27 /* ClickTracking.swift */; };
		OBJ_143 /* GoogleAnalytics.swift in Sources */ = {isa = PBXBuildFile; fileRef = OBJ_28 /* GoogleAnalytics.swift */; };
		OBJ_144 /* OpenTracking.swift in Sources */ = {isa = PBXBuildFile; fileRef = OBJ_29 /* OpenTracking.swift */; };
		OBJ_145 /* SubscriptionTracking.swift in Sources */ = {isa = PBXBuildFile; fileRef = OBJ_30 /* SubscriptionTracking.swift */; };
		OBJ_152 /* SessionTests.swift in Sources */ = {isa = PBXBuildFile; fileRef = OBJ_64 /* SessionTests.swift */; };
		OBJ_153 /* AuthenticationTests.swift in Sources */ = {isa = PBXBuildFile; fileRef = OBJ_89 /* AuthenticationTests.swift */; };
		OBJ_154 /* ValidatorTests.swift in Sources */ = {isa = PBXBuildFile; fileRef = OBJ_90 /* ValidatorTests.swift */; };
		OBJ_155 /* JSONConvertibleTests.swift in Sources */ = {isa = PBXBuildFile; fileRef = OBJ_92 /* JSONConvertibleTests.swift */; };
		OBJ_156 /* RequestTests.swift in Sources */ = {isa = PBXBuildFile; fileRef = OBJ_93 /* RequestTests.swift */; };
		OBJ_157 /* ParameterEncodingTests.swift in Sources */ = {isa = PBXBuildFile; fileRef = OBJ_95 /* ParameterEncodingTests.swift */; };
		OBJ_158 /* AttachmentTests.swift in Sources */ = {isa = PBXBuildFile; fileRef = OBJ_66 /* AttachmentTests.swift */; };
		OBJ_159 /* EmailTests.swift in Sources */ = {isa = PBXBuildFile; fileRef = OBJ_67 /* EmailTests.swift */; };
		OBJ_160 /* PersonalizationTests.swift in Sources */ = {isa = PBXBuildFile; fileRef = OBJ_68 /* PersonalizationTests.swift */; };
		OBJ_161 /* AddressTests.swift in Sources */ = {isa = PBXBuildFile; fileRef = OBJ_83 /* AddressTests.swift */; };
		OBJ_162 /* APIBlueprintTests.swift in Sources */ = {isa = PBXBuildFile; fileRef = OBJ_84 /* APIBlueprintTests.swift */; };
		OBJ_163 /* ASMTests.swift in Sources */ = {isa = PBXBuildFile; fileRef = OBJ_85 /* ASMTests.swift */; };
		OBJ_164 /* ContentTests.swift in Sources */ = {isa = PBXBuildFile; fileRef = OBJ_86 /* ContentTests.swift */; };
		OBJ_165 /* RateLimitTests.swift in Sources */ = {isa = PBXBuildFile; fileRef = OBJ_87 /* RateLimitTests.swift */; };
		OBJ_166 /* SettingTest.swift in Sources */ = {isa = PBXBuildFile; fileRef = OBJ_70 /* SettingTest.swift */; };
		OBJ_167 /* BCCSettingTests.swift in Sources */ = {isa = PBXBuildFile; fileRef = OBJ_72 /* BCCSettingTests.swift */; };
		OBJ_168 /* BypassListManagementTests.swift in Sources */ = {isa = PBXBuildFile; fileRef = OBJ_73 /* BypassListManagementTests.swift */; };
		OBJ_169 /* FooterTests.swift in Sources */ = {isa = PBXBuildFile; fileRef = OBJ_74 /* FooterTests.swift */; };
		OBJ_170 /* SandboxModeTests.swift in Sources */ = {isa = PBXBuildFile; fileRef = OBJ_75 /* SandboxModeTests.swift */; };
		OBJ_171 /* SpamCheckerTests.swift in Sources */ = {isa = PBXBuildFile; fileRef = OBJ_76 /* SpamCheckerTests.swift */; };
		OBJ_172 /* ClickTrackingTests.swift in Sources */ = {isa = PBXBuildFile; fileRef = OBJ_78 /* ClickTrackingTests.swift */; };
		OBJ_173 /* GoogleAnalyticsTests.swift in Sources */ = {isa = PBXBuildFile; fileRef = OBJ_79 /* GoogleAnalyticsTests.swift */; };
		OBJ_174 /* OpenTrackingTests.swift in Sources */ = {isa = PBXBuildFile; fileRef = OBJ_80 /* OpenTrackingTests.swift */; };
		OBJ_175 /* SubscriptionTrackingTests.swift in Sources */ = {isa = PBXBuildFile; fileRef = OBJ_81 /* SubscriptionTrackingTests.swift */; };
		OBJ_177 /* SendGrid.framework in Frameworks */ = {isa = PBXBuildFile; fileRef = OBJ_97 /* SendGrid.framework */; };
/* End PBXBuildFile section */

/* Begin PBXContainerItemProxy section */
		1F816FA91F18C7BF0007E9DA /* PBXContainerItemProxy */ = {
			isa = PBXContainerItemProxy;
			containerPortal = OBJ_1 /* Project object */;
			proxyType = 1;
			remoteGlobalIDString = OBJ_99;
			remoteInfo = SendGrid;
		};
/* End PBXContainerItemProxy section */

/* Begin PBXFileReference section */
		OBJ_11 /* APIV3.swift */ = {isa = PBXFileReference; lastKnownFileType = sourcecode.swift; path = APIV3.swift; sourceTree = "<group>"; };
		OBJ_12 /* Response.swift */ = {isa = PBXFileReference; lastKnownFileType = sourcecode.swift; path = Response.swift; sourceTree = "<group>"; };
		OBJ_13 /* Session.swift */ = {isa = PBXFileReference; lastKnownFileType = sourcecode.swift; path = Session.swift; sourceTree = "<group>"; };
		OBJ_15 /* Attachment.swift */ = {isa = PBXFileReference; lastKnownFileType = sourcecode.swift; path = Attachment.swift; sourceTree = "<group>"; };
		OBJ_16 /* Email.swift */ = {isa = PBXFileReference; lastKnownFileType = sourcecode.swift; path = Email.swift; sourceTree = "<group>"; };
		OBJ_17 /* Personalization.swift */ = {isa = PBXFileReference; lastKnownFileType = sourcecode.swift; path = Personalization.swift; sourceTree = "<group>"; };
		OBJ_19 /* Setting.swift */ = {isa = PBXFileReference; lastKnownFileType = sourcecode.swift; path = Setting.swift; sourceTree = "<group>"; };
		OBJ_21 /* BCCSetting.swift */ = {isa = PBXFileReference; lastKnownFileType = sourcecode.swift; path = BCCSetting.swift; sourceTree = "<group>"; };
		OBJ_22 /* BypassListManagement.swift */ = {isa = PBXFileReference; lastKnownFileType = sourcecode.swift; path = BypassListManagement.swift; sourceTree = "<group>"; };
		OBJ_23 /* Footer.swift */ = {isa = PBXFileReference; lastKnownFileType = sourcecode.swift; path = Footer.swift; sourceTree = "<group>"; };
		OBJ_24 /* SandboxMode.swift */ = {isa = PBXFileReference; lastKnownFileType = sourcecode.swift; path = SandboxMode.swift; sourceTree = "<group>"; };
		OBJ_25 /* SpamChecker.swift */ = {isa = PBXFileReference; lastKnownFileType = sourcecode.swift; path = SpamChecker.swift; sourceTree = "<group>"; };
		OBJ_27 /* ClickTracking.swift */ = {isa = PBXFileReference; lastKnownFileType = sourcecode.swift; path = ClickTracking.swift; sourceTree = "<group>"; };
		OBJ_28 /* GoogleAnalytics.swift */ = {isa = PBXFileReference; lastKnownFileType = sourcecode.swift; path = GoogleAnalytics.swift; sourceTree = "<group>"; };
		OBJ_29 /* OpenTracking.swift */ = {isa = PBXFileReference; lastKnownFileType = sourcecode.swift; path = OpenTracking.swift; sourceTree = "<group>"; };
		OBJ_30 /* SubscriptionTracking.swift */ = {isa = PBXFileReference; lastKnownFileType = sourcecode.swift; path = SubscriptionTracking.swift; sourceTree = "<group>"; };
		OBJ_32 /* Address.swift */ = {isa = PBXFileReference; lastKnownFileType = sourcecode.swift; path = Address.swift; sourceTree = "<group>"; };
		OBJ_33 /* APIBlueprint.swift */ = {isa = PBXFileReference; lastKnownFileType = sourcecode.swift; path = APIBlueprint.swift; sourceTree = "<group>"; };
		OBJ_34 /* ASM.swift */ = {isa = PBXFileReference; lastKnownFileType = sourcecode.swift; path = ASM.swift; sourceTree = "<group>"; };
		OBJ_35 /* Content.swift */ = {isa = PBXFileReference; lastKnownFileType = sourcecode.swift; path = Content.swift; sourceTree = "<group>"; };
		OBJ_36 /* RateLimit.swift */ = {isa = PBXFileReference; lastKnownFileType = sourcecode.swift; path = RateLimit.swift; sourceTree = "<group>"; };
		OBJ_38 /* Authentication.swift */ = {isa = PBXFileReference; lastKnownFileType = sourcecode.swift; path = Authentication.swift; sourceTree = "<group>"; };
		OBJ_39 /* ContentDisposition.swift */ = {isa = PBXFileReference; lastKnownFileType = sourcecode.swift; path = ContentDisposition.swift; sourceTree = "<group>"; };
		OBJ_40 /* ContentType.swift */ = {isa = PBXFileReference; lastKnownFileType = sourcecode.swift; path = ContentType.swift; sourceTree = "<group>"; };
		OBJ_41 /* HTTPMethod.swift */ = {isa = PBXFileReference; lastKnownFileType = sourcecode.swift; path = HTTPMethod.swift; sourceTree = "<group>"; };
		OBJ_42 /* Validator.swift */ = {isa = PBXFileReference; lastKnownFileType = sourcecode.swift; path = Validator.swift; sourceTree = "<group>"; };
		OBJ_44 /* SGError+Mail.swift */ = {isa = PBXFileReference; lastKnownFileType = sourcecode.swift; path = "SGError+Mail.swift"; sourceTree = "<group>"; };
		OBJ_45 /* SGError+Request.swift */ = {isa = PBXFileReference; lastKnownFileType = sourcecode.swift; path = "SGError+Request.swift"; sourceTree = "<group>"; };
		OBJ_46 /* SGError+Session.swift */ = {isa = PBXFileReference; lastKnownFileType = sourcecode.swift; path = "SGError+Session.swift"; sourceTree = "<group>"; };
		OBJ_47 /* SGError.swift */ = {isa = PBXFileReference; lastKnownFileType = sourcecode.swift; path = SGError.swift; sourceTree = "<group>"; };
		OBJ_49 /* DictionaryConvertible.swift */ = {isa = PBXFileReference; lastKnownFileType = sourcecode.swift; path = DictionaryConvertible.swift; sourceTree = "<group>"; };
		OBJ_50 /* HeaderValidator.swift */ = {isa = PBXFileReference; lastKnownFileType = sourcecode.swift; path = HeaderValidator.swift; sourceTree = "<group>"; };
		OBJ_51 /* HTTPMessage.swift */ = {isa = PBXFileReference; lastKnownFileType = sourcecode.swift; path = HTTPMessage.swift; sourceTree = "<group>"; };
		OBJ_52 /* JSONConvertible.swift */ = {isa = PBXFileReference; lastKnownFileType = sourcecode.swift; path = JSONConvertible.swift; sourceTree = "<group>"; };
		OBJ_53 /* MailSetting.swift */ = {isa = PBXFileReference; lastKnownFileType = sourcecode.swift; path = MailSetting.swift; sourceTree = "<group>"; };
		OBJ_54 /* Request.swift */ = {isa = PBXFileReference; lastKnownFileType = sourcecode.swift; path = Request.swift; sourceTree = "<group>"; };
		OBJ_55 /* Scheduling.swift */ = {isa = PBXFileReference; lastKnownFileType = sourcecode.swift; path = Scheduling.swift; sourceTree = "<group>"; };
		OBJ_56 /* TrackingSetting.swift */ = {isa = PBXFileReference; lastKnownFileType = sourcecode.swift; path = TrackingSetting.swift; sourceTree = "<group>"; };
		OBJ_57 /* Validatable.swift */ = {isa = PBXFileReference; lastKnownFileType = sourcecode.swift; path = Validatable.swift; sourceTree = "<group>"; };
		OBJ_59 /* Constants.swift */ = {isa = PBXFileReference; lastKnownFileType = sourcecode.swift; path = Constants.swift; sourceTree = "<group>"; };
		OBJ_6 /* Package.swift */ = {isa = PBXFileReference; explicitFileType = sourcecode.swift; path = Package.swift; sourceTree = "<group>"; };
		OBJ_60 /* ParameterEncoding.swift */ = {isa = PBXFileReference; lastKnownFileType = sourcecode.swift; path = ParameterEncoding.swift; sourceTree = "<group>"; };
		OBJ_64 /* SessionTests.swift */ = {isa = PBXFileReference; lastKnownFileType = sourcecode.swift; path = SessionTests.swift; sourceTree = "<group>"; };
		OBJ_66 /* AttachmentTests.swift */ = {isa = PBXFileReference; lastKnownFileType = sourcecode.swift; path = AttachmentTests.swift; sourceTree = "<group>"; };
		OBJ_67 /* EmailTests.swift */ = {isa = PBXFileReference; lastKnownFileType = sourcecode.swift; path = EmailTests.swift; sourceTree = "<group>"; };
		OBJ_68 /* PersonalizationTests.swift */ = {isa = PBXFileReference; lastKnownFileType = sourcecode.swift; path = PersonalizationTests.swift; sourceTree = "<group>"; };
		OBJ_70 /* SettingTest.swift */ = {isa = PBXFileReference; lastKnownFileType = sourcecode.swift; path = SettingTest.swift; sourceTree = "<group>"; };
		OBJ_72 /* BCCSettingTests.swift */ = {isa = PBXFileReference; lastKnownFileType = sourcecode.swift; path = BCCSettingTests.swift; sourceTree = "<group>"; };
		OBJ_73 /* BypassListManagementTests.swift */ = {isa = PBXFileReference; lastKnownFileType = sourcecode.swift; path = BypassListManagementTests.swift; sourceTree = "<group>"; };
		OBJ_74 /* FooterTests.swift */ = {isa = PBXFileReference; lastKnownFileType = sourcecode.swift; path = FooterTests.swift; sourceTree = "<group>"; };
		OBJ_75 /* SandboxModeTests.swift */ = {isa = PBXFileReference; lastKnownFileType = sourcecode.swift; path = SandboxModeTests.swift; sourceTree = "<group>"; };
		OBJ_76 /* SpamCheckerTests.swift */ = {isa = PBXFileReference; lastKnownFileType = sourcecode.swift; path = SpamCheckerTests.swift; sourceTree = "<group>"; };
		OBJ_78 /* ClickTrackingTests.swift */ = {isa = PBXFileReference; lastKnownFileType = sourcecode.swift; path = ClickTrackingTests.swift; sourceTree = "<group>"; };
		OBJ_79 /* GoogleAnalyticsTests.swift */ = {isa = PBXFileReference; lastKnownFileType = sourcecode.swift; path = GoogleAnalyticsTests.swift; sourceTree = "<group>"; };
		OBJ_80 /* OpenTrackingTests.swift */ = {isa = PBXFileReference; lastKnownFileType = sourcecode.swift; path = OpenTrackingTests.swift; sourceTree = "<group>"; };
		OBJ_81 /* SubscriptionTrackingTests.swift */ = {isa = PBXFileReference; lastKnownFileType = sourcecode.swift; path = SubscriptionTrackingTests.swift; sourceTree = "<group>"; };
		OBJ_83 /* AddressTests.swift */ = {isa = PBXFileReference; lastKnownFileType = sourcecode.swift; path = AddressTests.swift; sourceTree = "<group>"; };
		OBJ_84 /* APIBlueprintTests.swift */ = {isa = PBXFileReference; lastKnownFileType = sourcecode.swift; path = APIBlueprintTests.swift; sourceTree = "<group>"; };
		OBJ_85 /* ASMTests.swift */ = {isa = PBXFileReference; lastKnownFileType = sourcecode.swift; path = ASMTests.swift; sourceTree = "<group>"; };
		OBJ_86 /* ContentTests.swift */ = {isa = PBXFileReference; lastKnownFileType = sourcecode.swift; path = ContentTests.swift; sourceTree = "<group>"; };
		OBJ_87 /* RateLimitTests.swift */ = {isa = PBXFileReference; lastKnownFileType = sourcecode.swift; path = RateLimitTests.swift; sourceTree = "<group>"; };
		OBJ_89 /* AuthenticationTests.swift */ = {isa = PBXFileReference; lastKnownFileType = sourcecode.swift; path = AuthenticationTests.swift; sourceTree = "<group>"; };
		OBJ_9 /* ORLocalizedString.swift */ = {isa = PBXFileReference; lastKnownFileType = sourcecode.swift; path = ORLocalizedString.swift; sourceTree = "<group>"; };
		OBJ_90 /* ValidatorTests.swift */ = {isa = PBXFileReference; lastKnownFileType = sourcecode.swift; path = ValidatorTests.swift; sourceTree = "<group>"; };
		OBJ_92 /* JSONConvertibleTests.swift */ = {isa = PBXFileReference; lastKnownFileType = sourcecode.swift; path = JSONConvertibleTests.swift; sourceTree = "<group>"; };
		OBJ_93 /* RequestTests.swift */ = {isa = PBXFileReference; lastKnownFileType = sourcecode.swift; path = RequestTests.swift; sourceTree = "<group>"; };
		OBJ_95 /* ParameterEncodingTests.swift */ = {isa = PBXFileReference; lastKnownFileType = sourcecode.swift; path = ParameterEncodingTests.swift; sourceTree = "<group>"; };
		OBJ_97 /* SendGrid.framework */ = {isa = PBXFileReference; explicitFileType = wrapper.framework; path = SendGrid.framework; sourceTree = BUILT_PRODUCTS_DIR; };
		OBJ_98 /* SendGridTests.xctest */ = {isa = PBXFileReference; lastKnownFileType = file; path = SendGridTests.xctest; sourceTree = BUILT_PRODUCTS_DIR; };
/* End PBXFileReference section */

/* Begin PBXFrameworksBuildPhase section */
		OBJ_146 /* Frameworks */ = {
			isa = PBXFrameworksBuildPhase;
			buildActionMask = 0;
			files = (
			);
			runOnlyForDeploymentPostprocessing = 0;
		};
		OBJ_176 /* Frameworks */ = {
			isa = PBXFrameworksBuildPhase;
			buildActionMask = 0;
			files = (
				OBJ_177 /* SendGrid.framework in Frameworks */,
			);
			runOnlyForDeploymentPostprocessing = 0;
		};
/* End PBXFrameworksBuildPhase section */

/* Begin PBXGroup section */
		OBJ_10 /* Classes */ = {
			isa = PBXGroup;
			children = (
				OBJ_11 /* APIV3.swift */,
				OBJ_12 /* Response.swift */,
				OBJ_13 /* Session.swift */,
				OBJ_14 /* Mail */,
				OBJ_31 /* Models */,
			);
			path = Classes;
			sourceTree = "<group>";
		};
		OBJ_14 /* Mail */ = {
			isa = PBXGroup;
			children = (
				OBJ_15 /* Attachment.swift */,
				OBJ_16 /* Email.swift */,
				OBJ_17 /* Personalization.swift */,
				OBJ_18 /* Settings */,
			);
			path = Mail;
			sourceTree = "<group>";
		};
		OBJ_18 /* Settings */ = {
			isa = PBXGroup;
			children = (
				OBJ_19 /* Setting.swift */,
				OBJ_20 /* Mail Settings */,
				OBJ_26 /* Tracking Settings */,
			);
			path = Settings;
			sourceTree = "<group>";
		};
		OBJ_20 /* Mail Settings */ = {
			isa = PBXGroup;
			children = (
				OBJ_21 /* BCCSetting.swift */,
				OBJ_22 /* BypassListManagement.swift */,
				OBJ_23 /* Footer.swift */,
				OBJ_24 /* SandboxMode.swift */,
				OBJ_25 /* SpamChecker.swift */,
			);
			path = "Mail Settings";
			sourceTree = "<group>";
		};
		OBJ_26 /* Tracking Settings */ = {
			isa = PBXGroup;
			children = (
				OBJ_27 /* ClickTracking.swift */,
				OBJ_28 /* GoogleAnalytics.swift */,
				OBJ_29 /* OpenTracking.swift */,
				OBJ_30 /* SubscriptionTracking.swift */,
			);
			path = "Tracking Settings";
			sourceTree = "<group>";
		};
		OBJ_31 /* Models */ = {
			isa = PBXGroup;
			children = (
				OBJ_32 /* Address.swift */,
				OBJ_33 /* APIBlueprint.swift */,
				OBJ_34 /* ASM.swift */,
				OBJ_35 /* Content.swift */,
				OBJ_36 /* RateLimit.swift */,
			);
			path = Models;
			sourceTree = "<group>";
		};
		OBJ_37 /* Enums */ = {
			isa = PBXGroup;
			children = (
				OBJ_38 /* Authentication.swift */,
				OBJ_39 /* ContentDisposition.swift */,
				OBJ_40 /* ContentType.swift */,
				OBJ_41 /* HTTPMethod.swift */,
				OBJ_42 /* Validator.swift */,
			);
			path = Enums;
			sourceTree = "<group>";
		};
		OBJ_43 /* Errors */ = {
			isa = PBXGroup;
			children = (
				OBJ_44 /* SGError+Mail.swift */,
				OBJ_45 /* SGError+Request.swift */,
				OBJ_46 /* SGError+Session.swift */,
				OBJ_47 /* SGError.swift */,
			);
			path = Errors;
			sourceTree = "<group>";
		};
		OBJ_48 /* Protocols */ = {
			isa = PBXGroup;
			children = (
				OBJ_49 /* DictionaryConvertible.swift */,
				OBJ_50 /* HeaderValidator.swift */,
				OBJ_51 /* HTTPMessage.swift */,
				OBJ_52 /* JSONConvertible.swift */,
				OBJ_53 /* MailSetting.swift */,
				OBJ_54 /* Request.swift */,
				OBJ_55 /* Scheduling.swift */,
				OBJ_56 /* TrackingSetting.swift */,
				OBJ_57 /* Validatable.swift */,
			);
			path = Protocols;
			sourceTree = "<group>";
		};
		OBJ_5 /*  */ = {
			isa = PBXGroup;
			children = (
				OBJ_6 /* Package.swift */,
				OBJ_7 /* Sources */,
				OBJ_61 /* Tests */,
				OBJ_96 /* Products */,
			);
			name = "";
			sourceTree = "<group>";
		};
		OBJ_58 /* Structs */ = {
			isa = PBXGroup;
			children = (
				OBJ_59 /* Constants.swift */,
				OBJ_60 /* ParameterEncoding.swift */,
			);
			path = Structs;
			sourceTree = "<group>";
		};
		OBJ_61 /* Tests */ = {
			isa = PBXGroup;
			children = (
				OBJ_62 /* SendGridTests */,
			);
			name = Tests;
			sourceTree = SOURCE_ROOT;
		};
		OBJ_62 /* SendGridTests */ = {
			isa = PBXGroup;
			children = (
				OBJ_63 /* Classes */,
				OBJ_88 /* Enums */,
				OBJ_91 /* Protocols */,
				OBJ_94 /* Structs */,
			);
			name = SendGridTests;
			path = Tests/SendGridTests;
			sourceTree = SOURCE_ROOT;
		};
		OBJ_63 /* Classes */ = {
			isa = PBXGroup;
			children = (
				OBJ_64 /* SessionTests.swift */,
				OBJ_65 /* Mail */,
				OBJ_82 /* Models */,
			);
			path = Classes;
			sourceTree = "<group>";
		};
		OBJ_65 /* Mail */ = {
			isa = PBXGroup;
			children = (
				OBJ_66 /* AttachmentTests.swift */,
				OBJ_67 /* EmailTests.swift */,
				OBJ_68 /* PersonalizationTests.swift */,
				OBJ_69 /* Settings */,
			);
			path = Mail;
			sourceTree = "<group>";
		};
		OBJ_69 /* Settings */ = {
			isa = PBXGroup;
			children = (
				OBJ_70 /* SettingTest.swift */,
				OBJ_71 /* Mail Settings */,
				OBJ_77 /* Tracking Settings */,
			);
			path = Settings;
			sourceTree = "<group>";
		};
		OBJ_7 /* Sources */ = {
			isa = PBXGroup;
			children = (
				OBJ_8 /* SendGrid */,
			);
			name = Sources;
			sourceTree = SOURCE_ROOT;
		};
		OBJ_71 /* Mail Settings */ = {
			isa = PBXGroup;
			children = (
				OBJ_72 /* BCCSettingTests.swift */,
				OBJ_73 /* BypassListManagementTests.swift */,
				OBJ_74 /* FooterTests.swift */,
				OBJ_75 /* SandboxModeTests.swift */,
				OBJ_76 /* SpamCheckerTests.swift */,
			);
			path = "Mail Settings";
			sourceTree = "<group>";
		};
		OBJ_77 /* Tracking Settings */ = {
			isa = PBXGroup;
			children = (
				OBJ_78 /* ClickTrackingTests.swift */,
				OBJ_79 /* GoogleAnalyticsTests.swift */,
				OBJ_80 /* OpenTrackingTests.swift */,
				OBJ_81 /* SubscriptionTrackingTests.swift */,
			);
			path = "Tracking Settings";
			sourceTree = "<group>";
		};
		OBJ_8 /* SendGrid */ = {
			isa = PBXGroup;
			children = (
				OBJ_9 /* ORLocalizedString.swift */,
				OBJ_10 /* Classes */,
				OBJ_37 /* Enums */,
				OBJ_43 /* Errors */,
				OBJ_48 /* Protocols */,
				OBJ_58 /* Structs */,
			);
			name = SendGrid;
			path = Sources/SendGrid;
			sourceTree = SOURCE_ROOT;
		};
		OBJ_82 /* Models */ = {
			isa = PBXGroup;
			children = (
				OBJ_83 /* AddressTests.swift */,
				OBJ_84 /* APIBlueprintTests.swift */,
				OBJ_85 /* ASMTests.swift */,
				OBJ_86 /* ContentTests.swift */,
				OBJ_87 /* RateLimitTests.swift */,
			);
			path = Models;
			sourceTree = "<group>";
		};
		OBJ_88 /* Enums */ = {
			isa = PBXGroup;
			children = (
				OBJ_89 /* AuthenticationTests.swift */,
				OBJ_90 /* ValidatorTests.swift */,
			);
			path = Enums;
			sourceTree = "<group>";
		};
		OBJ_91 /* Protocols */ = {
			isa = PBXGroup;
			children = (
				OBJ_92 /* JSONConvertibleTests.swift */,
				OBJ_93 /* RequestTests.swift */,
			);
			path = Protocols;
			sourceTree = "<group>";
		};
		OBJ_94 /* Structs */ = {
			isa = PBXGroup;
			children = (
				OBJ_95 /* ParameterEncodingTests.swift */,
			);
			path = Structs;
			sourceTree = "<group>";
		};
		OBJ_96 /* Products */ = {
			isa = PBXGroup;
			children = (
				OBJ_97 /* SendGrid.framework */,
				OBJ_98 /* SendGridTests.xctest */,
			);
			name = Products;
			sourceTree = BUILT_PRODUCTS_DIR;
		};
/* End PBXGroup section */

/* Begin PBXNativeTarget section */
		OBJ_147 /* SendGridTests */ = {
			isa = PBXNativeTarget;
			buildConfigurationList = OBJ_148 /* Build configuration list for PBXNativeTarget "SendGridTests" */;
			buildPhases = (
				OBJ_151 /* Sources */,
				OBJ_176 /* Frameworks */,
			);
			buildRules = (
			);
			dependencies = (
				OBJ_178 /* PBXTargetDependency */,
			);
			name = SendGridTests;
			productName = SendGridTests;
			productReference = OBJ_98 /* SendGridTests.xctest */;
			productType = "com.apple.product-type.bundle.unit-test";
		};
		OBJ_99 /* SendGrid */ = {
			isa = PBXNativeTarget;
			buildConfigurationList = OBJ_100 /* Build configuration list for PBXNativeTarget "SendGrid" */;
			buildPhases = (
				OBJ_103 /* Sources */,
				OBJ_146 /* Frameworks */,
			);
			buildRules = (
			);
			dependencies = (
			);
			name = SendGrid;
			productName = SendGrid;
			productReference = OBJ_97 /* SendGrid.framework */;
			productType = "com.apple.product-type.framework";
		};
/* End PBXNativeTarget section */

/* Begin PBXProject section */
		OBJ_1 /* Project object */ = {
			isa = PBXProject;
			attributes = {
				LastUpgradeCheck = 9999;
			};
			buildConfigurationList = OBJ_2 /* Build configuration list for PBXProject "SendGrid" */;
			compatibilityVersion = "Xcode 3.2";
			developmentRegion = English;
			hasScannedForEncodings = 0;
			knownRegions = (
				en,
			);
			mainGroup = OBJ_5 /*  */;
			productRefGroup = OBJ_96 /* Products */;
			projectDirPath = "";
			projectRoot = "";
			targets = (
				OBJ_99 /* SendGrid */,
				OBJ_147 /* SendGridTests */,
			);
		};
/* End PBXProject section */

/* Begin PBXSourcesBuildPhase section */
		OBJ_103 /* Sources */ = {
			isa = PBXSourcesBuildPhase;
			buildActionMask = 0;
			files = (
				OBJ_104 /* ORLocalizedString.swift in Sources */,
				OBJ_105 /* APIV3.swift in Sources */,
				OBJ_106 /* Response.swift in Sources */,
				OBJ_107 /* Session.swift in Sources */,
				OBJ_108 /* Authentication.swift in Sources */,
				OBJ_109 /* ContentDisposition.swift in Sources */,
				OBJ_110 /* ContentType.swift in Sources */,
				OBJ_111 /* HTTPMethod.swift in Sources */,
				OBJ_112 /* Validator.swift in Sources */,
				OBJ_113 /* SGError+Mail.swift in Sources */,
				OBJ_114 /* SGError+Request.swift in Sources */,
				OBJ_115 /* SGError+Session.swift in Sources */,
				OBJ_116 /* SGError.swift in Sources */,
				OBJ_117 /* DictionaryConvertible.swift in Sources */,
				OBJ_118 /* HeaderValidator.swift in Sources */,
				OBJ_119 /* HTTPMessage.swift in Sources */,
				OBJ_120 /* JSONConvertible.swift in Sources */,
				OBJ_121 /* MailSetting.swift in Sources */,
				OBJ_122 /* Request.swift in Sources */,
				OBJ_123 /* Scheduling.swift in Sources */,
				OBJ_124 /* TrackingSetting.swift in Sources */,
				OBJ_125 /* Validatable.swift in Sources */,
				OBJ_126 /* Constants.swift in Sources */,
				OBJ_127 /* ParameterEncoding.swift in Sources */,
				OBJ_128 /* Attachment.swift in Sources */,
				OBJ_129 /* Email.swift in Sources */,
				OBJ_130 /* Personalization.swift in Sources */,
				OBJ_131 /* Address.swift in Sources */,
				OBJ_132 /* APIBlueprint.swift in Sources */,
				OBJ_133 /* ASM.swift in Sources */,
				OBJ_134 /* Content.swift in Sources */,
				OBJ_135 /* RateLimit.swift in Sources */,
				OBJ_136 /* Setting.swift in Sources */,
				OBJ_137 /* BCCSetting.swift in Sources */,
				OBJ_138 /* BypassListManagement.swift in Sources */,
				OBJ_139 /* Footer.swift in Sources */,
				OBJ_140 /* SandboxMode.swift in Sources */,
				OBJ_141 /* SpamChecker.swift in Sources */,
				OBJ_142 /* ClickTracking.swift in Sources */,
				OBJ_143 /* GoogleAnalytics.swift in Sources */,
				OBJ_144 /* OpenTracking.swift in Sources */,
				OBJ_145 /* SubscriptionTracking.swift in Sources */,
			);
			runOnlyForDeploymentPostprocessing = 0;
		};
		OBJ_151 /* Sources */ = {
			isa = PBXSourcesBuildPhase;
			buildActionMask = 0;
			files = (
				OBJ_152 /* SessionTests.swift in Sources */,
				OBJ_153 /* AuthenticationTests.swift in Sources */,
				OBJ_154 /* ValidatorTests.swift in Sources */,
				OBJ_155 /* JSONConvertibleTests.swift in Sources */,
				OBJ_156 /* RequestTests.swift in Sources */,
				OBJ_157 /* ParameterEncodingTests.swift in Sources */,
				OBJ_158 /* AttachmentTests.swift in Sources */,
				OBJ_159 /* EmailTests.swift in Sources */,
				OBJ_160 /* PersonalizationTests.swift in Sources */,
				OBJ_161 /* AddressTests.swift in Sources */,
				OBJ_162 /* APIBlueprintTests.swift in Sources */,
				OBJ_163 /* ASMTests.swift in Sources */,
				OBJ_164 /* ContentTests.swift in Sources */,
				OBJ_165 /* RateLimitTests.swift in Sources */,
				OBJ_166 /* SettingTest.swift in Sources */,
				OBJ_167 /* BCCSettingTests.swift in Sources */,
				OBJ_168 /* BypassListManagementTests.swift in Sources */,
				OBJ_169 /* FooterTests.swift in Sources */,
				OBJ_170 /* SandboxModeTests.swift in Sources */,
				OBJ_171 /* SpamCheckerTests.swift in Sources */,
				OBJ_172 /* ClickTrackingTests.swift in Sources */,
				OBJ_173 /* GoogleAnalyticsTests.swift in Sources */,
				OBJ_174 /* OpenTrackingTests.swift in Sources */,
				OBJ_175 /* SubscriptionTrackingTests.swift in Sources */,
			);
			runOnlyForDeploymentPostprocessing = 0;
		};
/* End PBXSourcesBuildPhase section */

/* Begin PBXTargetDependency section */
		OBJ_178 /* PBXTargetDependency */ = {
			isa = PBXTargetDependency;
			target = OBJ_99 /* SendGrid */;
			targetProxy = 1F816FA91F18C7BF0007E9DA /* PBXContainerItemProxy */;
		};
/* End PBXTargetDependency section */

/* Begin XCBuildConfiguration section */
		OBJ_101 /* Debug */ = {
			isa = XCBuildConfiguration;
			buildSettings = {
				ENABLE_TESTABILITY = YES;
				FRAMEWORK_SEARCH_PATHS = (
					"$(inherited)",
					"$(PLATFORM_DIR)/Developer/Library/Frameworks",
				);
				HEADER_SEARCH_PATHS = "$(inherited)";
				INFOPLIST_FILE = SendGrid.xcodeproj/SendGrid_Info.plist;
				LD_RUNPATH_SEARCH_PATHS = "$(TOOLCHAIN_DIR)/usr/lib/swift/macosx";
				OTHER_LDFLAGS = "$(inherited)";
				OTHER_SWIFT_FLAGS = "$(inherited)";
				PRODUCT_BUNDLE_IDENTIFIER = SendGrid;
				PRODUCT_MODULE_NAME = "$(TARGET_NAME:c99extidentifier)";
				PRODUCT_NAME = "$(TARGET_NAME:c99extidentifier)";
				SKIP_INSTALL = YES;
				TARGET_NAME = SendGrid;
			};
			name = Debug;
		};
		OBJ_102 /* Release */ = {
			isa = XCBuildConfiguration;
			buildSettings = {
				ENABLE_TESTABILITY = YES;
				FRAMEWORK_SEARCH_PATHS = (
					"$(inherited)",
					"$(PLATFORM_DIR)/Developer/Library/Frameworks",
				);
				HEADER_SEARCH_PATHS = "$(inherited)";
				INFOPLIST_FILE = SendGrid.xcodeproj/SendGrid_Info.plist;
				LD_RUNPATH_SEARCH_PATHS = "$(TOOLCHAIN_DIR)/usr/lib/swift/macosx";
				OTHER_LDFLAGS = "$(inherited)";
				OTHER_SWIFT_FLAGS = "$(inherited)";
				PRODUCT_BUNDLE_IDENTIFIER = SendGrid;
				PRODUCT_MODULE_NAME = "$(TARGET_NAME:c99extidentifier)";
				PRODUCT_NAME = "$(TARGET_NAME:c99extidentifier)";
				SKIP_INSTALL = YES;
				TARGET_NAME = SendGrid;
			};
			name = Release;
		};
		OBJ_149 /* Debug */ = {
			isa = XCBuildConfiguration;
			buildSettings = {
				EMBEDDED_CONTENT_CONTAINS_SWIFT = YES;
				FRAMEWORK_SEARCH_PATHS = (
					"$(inherited)",
					"$(PLATFORM_DIR)/Developer/Library/Frameworks",
				);
				HEADER_SEARCH_PATHS = "$(inherited)";
				INFOPLIST_FILE = SendGrid.xcodeproj/SendGridTests_Info.plist;
				LD_RUNPATH_SEARCH_PATHS = "@loader_path/../Frameworks @loader_path/Frameworks";
				OTHER_LDFLAGS = "$(inherited)";
				OTHER_SWIFT_FLAGS = "$(inherited)";
				TARGET_NAME = SendGridTests;
			};
			name = Debug;
		};
		OBJ_150 /* Release */ = {
			isa = XCBuildConfiguration;
			buildSettings = {
				EMBEDDED_CONTENT_CONTAINS_SWIFT = YES;
				FRAMEWORK_SEARCH_PATHS = (
					"$(inherited)",
					"$(PLATFORM_DIR)/Developer/Library/Frameworks",
				);
				HEADER_SEARCH_PATHS = "$(inherited)";
				INFOPLIST_FILE = SendGrid.xcodeproj/SendGridTests_Info.plist;
				LD_RUNPATH_SEARCH_PATHS = "@loader_path/../Frameworks @loader_path/Frameworks";
				OTHER_LDFLAGS = "$(inherited)";
				OTHER_SWIFT_FLAGS = "$(inherited)";
				TARGET_NAME = SendGridTests;
			};
			name = Release;
		};
		OBJ_3 /* Debug */ = {
			isa = XCBuildConfiguration;
			buildSettings = {
				CLANG_ENABLE_OBJC_ARC = YES;
				COMBINE_HIDPI_IMAGES = YES;
				COPY_PHASE_STRIP = NO;
				DEBUG_INFORMATION_FORMAT = dwarf;
				DYLIB_INSTALL_NAME_BASE = "@rpath";
				ENABLE_NS_ASSERTIONS = YES;
				GCC_OPTIMIZATION_LEVEL = 0;
				MACOSX_DEPLOYMENT_TARGET = 10.10;
				ONLY_ACTIVE_ARCH = YES;
				OTHER_SWIFT_FLAGS = "-DXcode";
				PRODUCT_NAME = "$(TARGET_NAME)";
				SDKROOT = macosx;
				SUPPORTED_PLATFORMS = "macosx iphoneos iphonesimulator appletvos appletvsimulator watchos watchsimulator";
				SWIFT_ACTIVE_COMPILATION_CONDITIONS = SWIFT_PACKAGE;
				SWIFT_OPTIMIZATION_LEVEL = "-Onone";
				SWIFT_VERSION = 3.0;
				USE_HEADERMAP = NO;
			};
			name = Debug;
		};
		OBJ_4 /* Release */ = {
			isa = XCBuildConfiguration;
			buildSettings = {
				CLANG_ENABLE_OBJC_ARC = YES;
				COMBINE_HIDPI_IMAGES = YES;
				COPY_PHASE_STRIP = YES;
				DEBUG_INFORMATION_FORMAT = "dwarf-with-dsym";
				DYLIB_INSTALL_NAME_BASE = "@rpath";
				GCC_OPTIMIZATION_LEVEL = s;
				MACOSX_DEPLOYMENT_TARGET = 10.10;
				OTHER_SWIFT_FLAGS = "-DXcode";
				PRODUCT_NAME = "$(TARGET_NAME)";
				SDKROOT = macosx;
				SUPPORTED_PLATFORMS = "macosx iphoneos iphonesimulator appletvos appletvsimulator watchos watchsimulator";
				SWIFT_ACTIVE_COMPILATION_CONDITIONS = SWIFT_PACKAGE;
				SWIFT_OPTIMIZATION_LEVEL = "-Owholemodule";
				SWIFT_VERSION = 3.0;
				USE_HEADERMAP = NO;
			};
			name = Release;
		};
/* End XCBuildConfiguration section */

/* Begin XCConfigurationList section */
		OBJ_100 /* Build configuration list for PBXNativeTarget "SendGrid" */ = {
			isa = XCConfigurationList;
			buildConfigurations = (
				OBJ_101 /* Debug */,
				OBJ_102 /* Release */,
			);
			defaultConfigurationIsVisible = 0;
			defaultConfigurationName = Debug;
		};
		OBJ_148 /* Build configuration list for PBXNativeTarget "SendGridTests" */ = {
			isa = XCConfigurationList;
			buildConfigurations = (
				OBJ_149 /* Debug */,
				OBJ_150 /* Release */,
			);
			defaultConfigurationIsVisible = 0;
			defaultConfigurationName = Debug;
		};
		OBJ_2 /* Build configuration list for PBXProject "SendGrid" */ = {
			isa = XCConfigurationList;
			buildConfigurations = (
				OBJ_3 /* Debug */,
				OBJ_4 /* Release */,
			);
			defaultConfigurationIsVisible = 0;
			defaultConfigurationName = Debug;
		};
/* End XCConfigurationList section */
	};
	rootObject = OBJ_1 /* Project object */;
}
